{
  "version": 4,
  "terraform_version": "1.7.5",
  "serial": 12,
  "lineage": "ff825325-738b-e204-f868-7191bdb1d19b",
  "outputs": {},
  "resources": [
    {
      "module": "module.ArtifactoryBucket",
      "mode": "data",
      "type": "aws_s3_bucket",
      "name": "terraformBackupFlaskAPIBucket",
      "provider": "provider[\"registry.terraform.io/hashicorp/aws\"]",
      "instances": [
        {
          "schema_version": 0,
          "attributes": {
            "arn": "arn:aws:s3:::terraform-codepipeline-api",
            "bucket": "terraform-codepipeline-api",
            "bucket_domain_name": "terraform-codepipeline-api.s3.amazonaws.com",
            "bucket_regional_domain_name": "terraform-codepipeline-api.s3.us-east-1.amazonaws.com",
            "hosted_zone_id": "Z3AQBSTGFYJSTF",
            "id": "terraform-codepipeline-api",
            "region": "us-east-1",
            "website_domain": null,
            "website_endpoint": null
          },
          "sensitive_attributes": []
        }
      ]
    },
    {
      "module": "module.ArtifactoryBucket",
      "mode": "managed",
      "type": "aws_s3_bucket",
      "name": "codeArtifactoryBucket",
      "provider": "provider[\"registry.terraform.io/hashicorp/aws\"]",
      "instances": [
        {
          "schema_version": 0,
          "attributes": {
            "acceleration_status": "",
            "acl": null,
            "arn": "arn:aws:s3:::pipelineartifactlambdaapi",
            "bucket": "pipelineartifactlambdaapi",
            "bucket_domain_name": "pipelineartifactlambdaapi.s3.amazonaws.com",
            "bucket_prefix": "",
            "bucket_regional_domain_name": "pipelineartifactlambdaapi.s3.us-east-1.amazonaws.com",
            "cors_rule": [],
            "force_destroy": true,
            "grant": [
              {
                "id": "bbe41cee15b58ed074ceaaa77d5e40664b7c61b4d80ded0ff9a109f5f2031d2c",
                "permissions": [
                  "FULL_CONTROL"
                ],
                "type": "CanonicalUser",
                "uri": ""
              }
            ],
            "hosted_zone_id": "Z3AQBSTGFYJSTF",
            "id": "pipelineartifactlambdaapi",
            "lifecycle_rule": [],
            "logging": [],
            "object_lock_configuration": [],
            "object_lock_enabled": false,
            "policy": "",
            "region": "us-east-1",
            "replication_configuration": [],
            "request_payer": "BucketOwner",
            "server_side_encryption_configuration": [
              {
                "rule": [
                  {
                    "apply_server_side_encryption_by_default": [
                      {
                        "kms_master_key_id": "",
                        "sse_algorithm": "AES256"
                      }
                    ],
                    "bucket_key_enabled": false
                  }
                ]
              }
            ],
            "tags": null,
            "tags_all": {},
            "timeouts": null,
            "versioning": [
              {
                "enabled": false,
                "mfa_delete": false
              }
            ],
            "website": [],
            "website_domain": null,
            "website_endpoint": null
          },
          "sensitive_attributes": [],
          "private": "eyJlMmJmYjczMC1lY2FhLTExZTYtOGY4OC0zNDM2M2JjN2M0YzAiOnsiY3JlYXRlIjoxMjAwMDAwMDAwMDAwLCJkZWxldGUiOjM2MDAwMDAwMDAwMDAsInJlYWQiOjEyMDAwMDAwMDAwMDAsInVwZGF0ZSI6MTIwMDAwMDAwMDAwMH19"
        }
      ]
    },
    {
      "module": "module.CodeBuildProjectsDockerBuild",
      "mode": "managed",
      "type": "aws_codebuild_project",
      "name": "dockerBuildProject",
      "provider": "provider[\"registry.terraform.io/hashicorp/aws\"]",
      "instances": [
        {
          "index_key": 0,
          "schema_version": 0,
          "attributes": {
            "arn": "arn:aws:codebuild:us-east-1:208383029138:project/BTerraformPlan-LambdaApi",
            "artifacts": [
              {
                "artifact_identifier": "",
                "bucket_owner_access": "",
                "encryption_disabled": false,
                "location": "",
                "name": "BTerraformPlan-LambdaApi",
                "namespace_type": "",
                "override_artifact_name": false,
                "packaging": "NONE",
                "path": "",
                "type": "CODEPIPELINE"
              }
            ],
            "badge_enabled": false,
            "badge_url": "",
            "build_batch_config": [],
            "build_timeout": 60,
            "cache": [
              {
                "location": "",
                "modes": [],
                "type": "NO_CACHE"
              }
            ],
            "concurrent_build_limit": 0,
            "description": "",
            "encryption_key": "arn:aws:kms:us-east-1:208383029138:alias/aws/s3",
            "environment": [
              {
                "certificate": "",
                "compute_type": "BUILD_GENERAL1_SMALL",
                "environment_variable": [],
                "image": "aws/codebuild/amazonlinux2-x86_64-standard:4.0",
                "image_pull_credentials_type": "CODEBUILD",
                "privileged_mode": false,
                "registry_credential": [],
                "type": "LINUX_CONTAINER"
              }
            ],
            "file_system_locations": [],
            "id": "arn:aws:codebuild:us-east-1:208383029138:project/BTerraformPlan-LambdaApi",
            "logs_config": [
              {
                "cloudwatch_logs": [
                  {
                    "group_name": "codePipelinelogs-LambdaApi",
                    "status": "ENABLED",
                    "stream_name": "BTerraformPlan-LambdaApi"
                  }
                ],
                "s3_logs": [
                  {
                    "bucket_owner_access": "",
                    "encryption_disabled": false,
                    "location": "",
                    "status": "DISABLED"
                  }
                ]
              }
            ],
            "name": "BTerraformPlan-LambdaApi",
            "project_visibility": "PRIVATE",
            "public_project_alias": "",
            "queued_timeout": 480,
            "resource_access_role": "",
            "secondary_artifacts": [],
            "secondary_source_version": [],
            "secondary_sources": [],
            "service_role": "arn:aws:iam::208383029138:role/codeBuild-service-role",
            "source": [
              {
                "build_status_config": [],
                "buildspec": "pipeline/buildspec_plan.yml",
                "git_clone_depth": 0,
                "git_submodules_config": [],
                "insecure_ssl": false,
                "location": "",
                "report_build_status": false,
                "type": "CODEPIPELINE"
              }
            ],
            "source_version": "main",
            "tags": null,
            "tags_all": {},
            "vpc_config": []
          },
          "sensitive_attributes": [],
          "private": "bnVsbA==",
          "dependencies": [
            "module.iamRole.aws_iam_role.codeBuildServiceRole",
            "module.pipelineCloudWatch.aws_cloudwatch_log_group.pipelineCloudWatch"
          ]
        }
      ]
    },
    {
      "module": "module.CodePipelineProjectsDockerBuild",
      "mode": "managed",
      "type": "aws_codepipeline",
      "name": "example",
      "provider": "provider[\"registry.terraform.io/hashicorp/aws\"]",
      "instances": [
        {
          "schema_version": 0,
          "attributes": {
            "arn": "arn:aws:codepipeline:us-east-1:208383029138:LambdaApi-pipeline",
            "artifact_store": [
              {
                "encryption_key": [],
                "location": "pipelineartifactlambdaapi",
                "region": "",
                "type": "S3"
              }
            ],
            "execution_mode": "SUPERSEDED",
            "id": "LambdaApi-pipeline",
            "name": "LambdaApi-pipeline",
            "pipeline_type": "V1",
            "role_arn": "arn:aws:iam::208383029138:role/codePipelineSericeRole",
            "stage": [
              {
                "action": [
                  {
                    "category": "Source",
                    "configuration": {
                      "BranchName": "main",
                      "ConnectionArn": "arn:aws:codestar-connections:us-east-1:208383029138:connection/b2814260-3090-41b3-8f3f-6f78b7b7dc15",
                      "FullRepositoryId": "LambdaApi"
                    },
                    "input_artifacts": null,
                    "name": "Source",
                    "namespace": "",
                    "output_artifacts": [
                      "source_artifact"
                    ],
                    "owner": "AWS",
                    "provider": "CodeStarSourceConnection",
                    "region": "",
                    "role_arn": "",
                    "run_order": 1,
                    "version": "1"
                  }
                ],
                "name": "Source"
              },
              {
                "action": [
                  {
                    "category": "Build",
                    "configuration": {
                      "EnvironmentVariables": "[{\"name\":\"AWS_DEFAULT_REGION\",\"type\":\"PLAINTEXT\",\"value\":\"us-east-1\"},{\"name\":\"REPOSITORYNAME\",\"type\":\"PLAINTEXT\",\"value\":\"LambdaApi\"}]",
                      "ProjectName": "BTerraformPlan-LambdaApi"
                    },
                    "input_artifacts": [
                      "source_artifact"
                    ],
                    "name": "BTerraformPlan",
                    "namespace": "",
                    "output_artifacts": null,
                    "owner": "AWS",
                    "provider": "CodeBuild",
                    "region": "",
                    "role_arn": "",
                    "run_order": 1,
                    "version": "1"
                  }
                ],
                "name": "BTerraformPlan"
              }
            ],
            "tags": null,
            "tags_all": {},
            "trigger": [],
            "variable": []
          },
          "sensitive_attributes": [],
          "private": "bnVsbA==",
          "dependencies": [
            "module.ArtifactoryBucket.aws_s3_bucket.codeArtifactoryBucket",
            "module.CodeBuildProjectsDockerBuild.aws_codebuild_project.dockerBuildProject",
            "module.CodePipelineProjectsDockerBuild.aws_codestarconnections_connection.gitHubConnection",
            "module.iamRole.aws_iam_role.codeBuildServiceRole",
            "module.iamRole.aws_iam_role.codePipelineSericeRole",
            "module.pipelineCloudWatch.aws_cloudwatch_log_group.pipelineCloudWatch"
          ]
        }
      ]
    },
    {
      "module": "module.CodePipelineProjectsDockerBuild",
      "mode": "managed",
      "type": "aws_codestarconnections_connection",
      "name": "gitHubConnection",
      "provider": "provider[\"registry.terraform.io/hashicorp/aws\"]",
      "instances": [
        {
          "schema_version": 0,
          "attributes": {
            "arn": "arn:aws:codestar-connections:us-east-1:208383029138:connection/b2814260-3090-41b3-8f3f-6f78b7b7dc15",
            "connection_status": "PENDING",
            "host_arn": "",
            "id": "arn:aws:codestar-connections:us-east-1:208383029138:connection/b2814260-3090-41b3-8f3f-6f78b7b7dc15",
            "name": "gitHubConnection",
            "provider_type": "GitHub",
            "tags": null,
            "tags_all": {}
          },
          "sensitive_attributes": [],
          "private": "bnVsbA=="
        }
      ]
    },
    {
      "module": "module.iamRole",
      "mode": "managed",
      "type": "aws_iam_role",
      "name": "codeBuildServiceRole",
      "provider": "provider[\"registry.terraform.io/hashicorp/aws\"]",
      "instances": [
        {
          "schema_version": 0,
          "attributes": {
            "arn": "arn:aws:iam::208383029138:role/codeBuild-service-role",
            "assume_role_policy": "{\"Statement\":[{\"Action\":\"sts:AssumeRole\",\"Effect\":\"Allow\",\"Principal\":{\"Service\":\"codebuild.amazonaws.com\"}}],\"Version\":\"2012-10-17\"}",
            "create_date": "2024-07-22T22:00:11Z",
            "description": "",
            "force_detach_policies": false,
            "id": "codeBuild-service-role",
            "inline_policy": [],
            "managed_policy_arns": [
              "arn:aws:iam::aws:policy/AdministratorAccess"
            ],
            "max_session_duration": 3600,
            "name": "codeBuild-service-role",
            "name_prefix": "",
            "path": "/",
            "permissions_boundary": "",
            "tags": null,
            "tags_all": {},
            "unique_id": "AROATBBEYV6JPBIEBAGLK"
          },
          "sensitive_attributes": [],
          "private": "bnVsbA=="
        }
      ]
    },
    {
      "module": "module.iamRole",
      "mode": "managed",
      "type": "aws_iam_role",
      "name": "codePipelineSericeRole",
      "provider": "provider[\"registry.terraform.io/hashicorp/aws\"]",
      "instances": [
        {
          "schema_version": 0,
          "attributes": {
            "arn": "arn:aws:iam::208383029138:role/codePipelineSericeRole",
            "assume_role_policy": "{\"Statement\":[{\"Action\":[\"sts:AssumeRole\"],\"Effect\":\"Allow\",\"Principal\":{\"Service\":\"codepipeline.amazonaws.com\"}}],\"Version\":\"2012-10-17\"}",
            "create_date": "2024-07-22T22:00:10Z",
            "description": "",
            "force_detach_policies": false,
            "id": "codePipelineSericeRole",
            "inline_policy": [],
            "managed_policy_arns": [
              "arn:aws:iam::aws:policy/AdministratorAccess"
            ],
            "max_session_duration": 3600,
            "name": "codePipelineSericeRole",
            "name_prefix": "",
            "path": "/",
            "permissions_boundary": "",
            "tags": null,
            "tags_all": {},
            "unique_id": "AROATBBEYV6JBSJM7PLEG"
          },
          "sensitive_attributes": [],
          "private": "bnVsbA=="
        }
      ]
    },
    {
      "module": "module.iamRole",
      "mode": "managed",
      "type": "aws_iam_role_policy",
      "name": "code-pipeline-logs",
      "provider": "provider[\"registry.terraform.io/hashicorp/aws\"]",
      "instances": [
        {
          "schema_version": 0,
          "attributes": {
            "id": "codeBuild-service-role:codePipelineLogsRolePolicy",
            "name": "codePipelineLogsRolePolicy",
            "name_prefix": "",
            "policy": "{\"Version\":\"2012-10-17\",\"Statement\":[{\"Action\":[\"logs:CreateLogGroup\",\"logs:CreateLogStream\",\"logs:PutLogEvents\"],\"Effect\":\"Allow\",\"Resource\":[\"arn:aws:logs:us-east-1:208383029138:log-group:codePipelinelogs-LambdaApi\",\"arn:aws:logs:us-east-1:208383029138:log-group:codePipelinelogs-LambdaApi:*\"]}]}",
            "role": "codeBuild-service-role"
          },
          "sensitive_attributes": [],
          "private": "bnVsbA==",
          "dependencies": [
            "module.iamRole.aws_iam_role.codeBuildServiceRole",
            "module.iamRole.aws_iam_role_policy.codeBuildServiceCloudWatchPolicy",
            "module.pipelineCloudWatch.aws_cloudwatch_log_group.pipelineCloudWatch"
          ]
        }
      ]
    },
    {
      "module": "module.iamRole",
      "mode": "managed",
      "type": "aws_iam_role_policy",
      "name": "code-pipeline-s3",
      "provider": "provider[\"registry.terraform.io/hashicorp/aws\"]",
      "instances": [
        {
          "schema_version": 0,
          "attributes": {
            "id": "codeBuild-service-role:codePipelineS3RolePolicy",
            "name": "codePipelineS3RolePolicy",
            "name_prefix": "",
            "policy": "{\"Version\":\"2012-10-17\",\"Statement\":[{\"Action\":[\"s3:PutObject\",\"s3:GetObject\",\"s3:GetObjectVersion\",\"s3:GetBucketAcl\",\"s3:GetBucketLocation\"],\"Effect\":\"Allow\",\"Resource\":[\"arn:aws:s3:::pipelineartifactlambdaapi\",\"arn:aws:s3:::terraform-codepipeline-api\"]}]}",
            "role": "codeBuild-service-role"
          },
          "sensitive_attributes": [],
          "private": "bnVsbA==",
          "dependencies": [
            "module.ArtifactoryBucket.aws_s3_bucket.codeArtifactoryBucket",
            "module.ArtifactoryBucket.data.aws_s3_bucket.terraformBackupFlaskAPIBucket",
            "module.iamRole.aws_iam_role.codeBuildServiceRole",
            "module.iamRole.aws_iam_role_policy.codeBuildServiceS3Policy"
          ]
        }
      ]
    },
    {
      "module": "module.iamRole",
      "mode": "managed",
      "type": "aws_iam_role_policy",
      "name": "codeBuildServiceCloudWatchPolicy",
      "provider": "provider[\"registry.terraform.io/hashicorp/aws\"]",
      "instances": [
        {
          "schema_version": 0,
          "attributes": {
            "id": "codeBuild-service-role:codeBuildLogsRolePolicy",
            "name": "codeBuildLogsRolePolicy",
            "name_prefix": "",
            "policy": "{\"Version\":\"2012-10-17\",\"Statement\":[{\"Action\":[\"logs:CreateLogGroup\",\"logs:CreateLogStream\",\"logs:PutLogEvents\"],\"Effect\":\"Allow\",\"Resource\":[\"arn:aws:logs:us-east-1:208383029138:log-group:codePipelinelogs-LambdaApi\",\"arn:aws:logs:us-east-1:208383029138:log-group:codePipelinelogs-LambdaApi:*\"]}]}",
            "role": "codeBuild-service-role"
          },
          "sensitive_attributes": [],
          "private": "bnVsbA==",
          "dependencies": [
            "module.iamRole.aws_iam_role.codeBuildServiceRole",
            "module.pipelineCloudWatch.aws_cloudwatch_log_group.pipelineCloudWatch"
          ]
        }
      ]
    },
    {
      "module": "module.iamRole",
      "mode": "managed",
      "type": "aws_iam_role_policy",
      "name": "codeBuildServiceS3Policy",
      "provider": "provider[\"registry.terraform.io/hashicorp/aws\"]",
      "instances": [
        {
          "schema_version": 0,
          "attributes": {
            "id": "codeBuild-service-role:codeBuildS3RolePolicy",
            "name": "codeBuildS3RolePolicy",
            "name_prefix": "",
            "policy": "{\"Version\":\"2012-10-17\",\"Statement\":[{\"Action\":[\"s3:PutObject\",\"s3:GetObject\",\"s3:GetObjectVersion\",\"s3:GetBucketAcl\",\"s3:GetBucketLocation\"],\"Effect\":\"Allow\",\"Resource\":[\"arn:aws:s3:::pipelineartifactlambdaapi\",\"arn:aws:s3:::terraform-codepipeline-api\"]}]}",
            "role": "codeBuild-service-role"
          },
          "sensitive_attributes": [],
          "private": "bnVsbA==",
          "dependencies": [
            "module.ArtifactoryBucket.aws_s3_bucket.codeArtifactoryBucket",
            "module.ArtifactoryBucket.data.aws_s3_bucket.terraformBackupFlaskAPIBucket",
            "module.iamRole.aws_iam_role.codeBuildServiceRole"
          ]
        }
      ]
    },
    {
      "module": "module.pipelineCloudWatch",
      "mode": "managed",
      "type": "aws_cloudwatch_log_group",
      "name": "pipelineCloudWatch",
      "provider": "provider[\"registry.terraform.io/hashicorp/aws\"]",
      "instances": [
        {
          "schema_version": 0,
          "attributes": {
            "arn": "arn:aws:logs:us-east-1:208383029138:log-group:codePipelinelogs-LambdaApi",
            "id": "codePipelinelogs-LambdaApi",
            "kms_key_id": "",
            "log_group_class": "STANDARD",
            "name": "codePipelinelogs-LambdaApi",
            "name_prefix": "",
            "retention_in_days": 0,
            "skip_destroy": false,
            "tags": {
              "Application": "pipeline",
              "Environment": "production"
            },
            "tags_all": {
              "Application": "pipeline",
              "Environment": "production"
            }
          },
          "sensitive_attributes": [],
          "private": "bnVsbA=="
        }
      ]
    }
  ],
  "check_results": null
}
