{
  "version": 4,
  "terraform_version": "1.7.5",
  "serial": 43,
  "lineage": "10a21a72-e58c-67fa-3b8c-5d0482582689",
  "outputs": {},
  "resources": [
    {
      "module": "module.archiveFile",
      "mode": "data",
      "type": "archive_file",
      "name": "python_lambda_package",
      "provider": "provider[\"registry.terraform.io/hashicorp/archive\"]",
      "instances": [
        {
          "schema_version": 0,
          "attributes": {
            "exclude_symlink_directories": null,
            "excludes": null,
            "id": "bd6c95343fc43824971337886ecd3cd4a592d724",
            "output_base64sha256": "4n+lfPIie61dpkB619KZM+pZR4FaWG60s820me8cG6Q=",
            "output_base64sha512": "0hijRaJ82ArOp6oTaqgRZQqAHDLLU6MTSo7CJB01cV1oFWha6JL/Yq9TXSJaeQl+e5w3hag0sZZAiOvQTsUuyg==",
            "output_file_mode": null,
            "output_md5": "d5aec488ae0fb8bf908098aeed8d7a65",
            "output_path": "nametest.zip",
            "output_sha": "bd6c95343fc43824971337886ecd3cd4a592d724",
            "output_sha256": "e27fa57cf2227bad5da6407ad7d29933ea5947815a586eb4b3cdb499ef1c1ba4",
            "output_sha512": "d218a345a27cd80acea7aa136aa811650a801c32cb53a3134a8ec2241d35715d6815685ae892ff62af535d225a79097e7b9c3785a834b1964088ebd04ec52eca",
            "output_size": 1696,
            "source": [],
            "source_content": null,
            "source_content_filename": null,
            "source_dir": "./../code/",
            "source_file": null,
            "type": "zip"
          },
          "sensitive_attributes": []
        }
      ]
    },
    {
      "module": "module.cloudWatchLogs",
      "mode": "managed",
      "type": "aws_cloudwatch_event_rule",
      "name": "test-lambda",
      "provider": "provider[\"registry.terraform.io/hashicorp/aws\"]",
      "instances": [
        {
          "schema_version": 1,
          "attributes": {
            "arn": "arn:aws:events:us-east-1:208383029138:rule/run-lambda-function",
            "description": "Schedule lambda function",
            "event_bus_name": "default",
            "event_pattern": null,
            "id": "run-lambda-function",
            "is_enabled": true,
            "name": "run-lambda-function",
            "name_prefix": "",
            "role_arn": "",
            "schedule_expression": "rate(60 minutes)",
            "state": "ENABLED",
            "tags": {},
            "tags_all": {}
          },
          "sensitive_attributes": [],
          "private": "eyJzY2hlbWFfdmVyc2lvbiI6IjEifQ=="
        }
      ]
    },
    {
      "module": "module.cloudWatchLogs",
      "mode": "managed",
      "type": "aws_cloudwatch_event_target",
      "name": "lambda-function-target",
      "provider": "provider[\"registry.terraform.io/hashicorp/aws\"]",
      "instances": [
        {
          "schema_version": 1,
          "attributes": {
            "arn": "arn:aws:lambda:us-east-1:208383029138:function:lambdaTest",
            "batch_target": [],
            "dead_letter_config": [],
            "ecs_target": [],
            "event_bus_name": "default",
            "http_target": [],
            "id": "run-lambda-function-lambda-function-target",
            "input": "",
            "input_path": "",
            "input_transformer": [],
            "kinesis_target": [],
            "redshift_target": [],
            "retry_policy": [],
            "role_arn": "",
            "rule": "run-lambda-function",
            "run_command_targets": [],
            "sagemaker_pipeline_target": [],
            "sqs_target": [],
            "target_id": "lambda-function-target"
          },
          "sensitive_attributes": [],
          "private": "eyJzY2hlbWFfdmVyc2lvbiI6IjEifQ==",
          "dependencies": [
            "module.archiveFile.data.archive_file.python_lambda_package",
            "module.cloudWatchLogs.aws_cloudwatch_event_rule.test-lambda",
            "module.iamRole.aws_iam_role.lambdaRole",
            "module.iamRole.data.aws_iam_policy_document.lambdaAssumRolePolicy",
            "module.lambda.aws_lambda_function.DynamodbTracker",
            "module.lambda.aws_lambda_function.test_lambda_function"
          ]
        }
      ]
    },
    {
      "module": "module.cloudWatchLogs",
      "mode": "managed",
      "type": "aws_lambda_permission",
      "name": "allow_cloudwatch",
      "provider": "provider[\"registry.terraform.io/hashicorp/aws\"]",
      "instances": [
        {
          "schema_version": 0,
          "attributes": {
            "action": "lambda:InvokeFunction",
            "event_source_token": null,
            "function_name": "lambdaTest",
            "function_url_auth_type": null,
            "id": "AllowExecutionFromCloudWatch",
            "principal": "events.amazonaws.com",
            "principal_org_id": null,
            "qualifier": "",
            "source_account": null,
            "source_arn": "arn:aws:lambda:us-east-1:208383029138:function:lambdaTest",
            "statement_id": "AllowExecutionFromCloudWatch",
            "statement_id_prefix": ""
          },
          "sensitive_attributes": [],
          "private": "bnVsbA==",
          "dependencies": [
            "module.archiveFile.data.archive_file.python_lambda_package",
            "module.iamRole.aws_iam_role.lambdaRole",
            "module.iamRole.data.aws_iam_policy_document.lambdaAssumRolePolicy",
            "module.lambda.aws_lambda_function.DynamodbTracker",
            "module.lambda.aws_lambda_function.test_lambda_function"
          ]
        }
      ]
    },
    {
      "module": "module.dynamodb",
      "mode": "managed",
      "type": "aws_dynamodb_table",
      "name": "VehicleData",
      "provider": "provider[\"registry.terraform.io/hashicorp/aws\"]",
      "instances": [
        {
          "schema_version": 1,
          "attributes": {
            "arn": "arn:aws:dynamodb:us-east-1:208383029138:table/VehicleData",
            "attribute": [
              {
                "name": "vehicle_id",
                "type": "S"
              }
            ],
            "billing_mode": "PAY_PER_REQUEST",
            "deletion_protection_enabled": false,
            "global_secondary_index": [],
            "hash_key": "vehicle_id",
            "id": "VehicleData",
            "import_table": [],
            "local_secondary_index": [],
            "name": "VehicleData",
            "point_in_time_recovery": [
              {
                "enabled": false
              }
            ],
            "range_key": null,
            "read_capacity": 0,
            "replica": [],
            "restore_date_time": null,
            "restore_source_name": null,
            "restore_to_latest_time": null,
            "server_side_encryption": [],
            "stream_arn": "",
            "stream_enabled": false,
            "stream_label": "",
            "stream_view_type": "",
            "table_class": "STANDARD",
            "tags": {
              "Environment": "Production",
              "Name": "VehicleData"
            },
            "tags_all": {
              "Environment": "Production",
              "Name": "VehicleData"
            },
            "timeouts": null,
            "ttl": [
              {
                "attribute_name": "",
                "enabled": false
              }
            ],
            "write_capacity": 0
          },
          "sensitive_attributes": [],
          "private": "eyJlMmJmYjczMC1lY2FhLTExZTYtOGY4OC0zNDM2M2JjN2M0YzAiOnsiY3JlYXRlIjoxODAwMDAwMDAwMDAwLCJkZWxldGUiOjYwMDAwMDAwMDAwMCwidXBkYXRlIjozNjAwMDAwMDAwMDAwfSwic2NoZW1hX3ZlcnNpb24iOiIxIn0="
        }
      ]
    },
    {
      "module": "module.iamRole",
      "mode": "data",
      "type": "aws_iam_policy_document",
      "name": "lambdaAssumRolePolicy",
      "provider": "provider[\"registry.terraform.io/hashicorp/aws\"]",
      "instances": [
        {
          "schema_version": 0,
          "attributes": {
            "id": "2690255455",
            "json": "{\n  \"Version\": \"2012-10-17\",\n  \"Statement\": [\n    {\n      \"Effect\": \"Allow\",\n      \"Action\": \"sts:AssumeRole\",\n      \"Principal\": {\n        \"Service\": \"lambda.amazonaws.com\"\n      }\n    }\n  ]\n}",
            "override_json": null,
            "override_policy_documents": null,
            "policy_id": null,
            "source_json": null,
            "source_policy_documents": null,
            "statement": [
              {
                "actions": [
                  "sts:AssumeRole"
                ],
                "condition": [],
                "effect": "Allow",
                "not_actions": [],
                "not_principals": [],
                "not_resources": [],
                "principals": [
                  {
                    "identifiers": [
                      "lambda.amazonaws.com"
                    ],
                    "type": "Service"
                  }
                ],
                "resources": [],
                "sid": ""
              }
            ],
            "version": "2012-10-17"
          },
          "sensitive_attributes": []
        }
      ]
    },
    {
      "module": "module.iamRole",
      "mode": "managed",
      "type": "aws_iam_role",
      "name": "lambdaRole",
      "provider": "provider[\"registry.terraform.io/hashicorp/aws\"]",
      "instances": [
        {
          "schema_version": 0,
          "attributes": {
            "arn": "arn:aws:iam::208383029138:role/lambda-lambdaRole-waf",
            "assume_role_policy": "{\"Statement\":[{\"Action\":\"sts:AssumeRole\",\"Effect\":\"Allow\",\"Principal\":{\"Service\":\"lambda.amazonaws.com\"}}],\"Version\":\"2012-10-17\"}",
            "create_date": "2024-07-22T14:59:14Z",
            "description": "",
            "force_detach_policies": false,
            "id": "lambda-lambdaRole-waf",
            "inline_policy": [
              {
                "name": "ecrPolicy",
                "policy": "{\"Version\":\"2012-10-17\",\"Statement\":[{\"Action\":[\"dynamodb:GetItem\",\"dynamodb:PutItem\",\"dynamodb:Scan\",\"dynamodb:Query\"],\"Effect\":\"Allow\",\"Resource\":[\"arn:aws:dynamodb:us-east-1:208383029138:table/VehicleData\"]},{\"Action\":[\"lambda:InvokeFunction\"],\"Effect\":\"Allow\",\"Resource\":[\"*\"]}]}"
              }
            ],
            "managed_policy_arns": [],
            "max_session_duration": 3600,
            "name": "lambda-lambdaRole-waf",
            "name_prefix": "",
            "path": "/",
            "permissions_boundary": "",
            "tags": {},
            "tags_all": {},
            "unique_id": "AROATBBEYV6JEIDEANXVE"
          },
          "sensitive_attributes": [],
          "private": "bnVsbA==",
          "dependencies": [
            "module.iamRole.data.aws_iam_policy_document.lambdaAssumRolePolicy"
          ]
        }
      ]
    },
    {
      "module": "module.iamRole",
      "mode": "managed",
      "type": "aws_iam_role_policy",
      "name": "dynamodbAccessPolicy",
      "provider": "provider[\"registry.terraform.io/hashicorp/aws\"]",
      "instances": [
        {
          "schema_version": 0,
          "attributes": {
            "id": "lambda-lambdaRole-waf:ecrPolicy",
            "name": "ecrPolicy",
            "name_prefix": "",
            "policy": "{\"Version\":\"2012-10-17\",\"Statement\":[{\"Action\":[\"dynamodb:GetItem\",\"dynamodb:PutItem\",\"dynamodb:Scan\",\"dynamodb:Query\"],\"Effect\":\"Allow\",\"Resource\":[\"arn:aws:dynamodb:us-east-1:208383029138:table/VehicleData\"]},{\"Action\":[\"lambda:InvokeFunction\"],\"Effect\":\"Allow\",\"Resource\":[\"*\"]}]}",
            "role": "lambda-lambdaRole-waf"
          },
          "sensitive_attributes": [],
          "private": "bnVsbA==",
          "dependencies": [
            "module.dynamodb.aws_dynamodb_table.VehicleData",
            "module.iamRole.aws_iam_role.lambdaRole",
            "module.iamRole.data.aws_iam_policy_document.lambdaAssumRolePolicy"
          ]
        }
      ]
    },
    {
      "module": "module.lambda",
      "mode": "managed",
      "type": "aws_lambda_function",
      "name": "DynamodbTracker",
      "provider": "provider[\"registry.terraform.io/hashicorp/aws\"]",
      "instances": [
        {
          "schema_version": 0,
          "attributes": {
            "architectures": [
              "x86_64"
            ],
            "arn": "arn:aws:lambda:us-east-1:208383029138:function:DynamodbTracker",
            "code_signing_config_arn": "",
            "dead_letter_config": [],
            "description": "",
            "environment": [],
            "ephemeral_storage": [
              {
                "size": 512
              }
            ],
            "file_system_config": [],
            "filename": "nametest.zip",
            "function_name": "DynamodbTracker",
            "handler": "dynamodbWorker.dynamodb_handler",
            "id": "DynamodbTracker",
            "image_config": [],
            "image_uri": "",
            "invoke_arn": "arn:aws:apigateway:us-east-1:lambda:path/2015-03-31/functions/arn:aws:lambda:us-east-1:208383029138:function:DynamodbTracker/invocations",
            "kms_key_arn": "",
            "last_modified": "2024-07-22T15:17:28.000+0000",
            "layers": [],
            "logging_config": [
              {
                "application_log_level": "",
                "log_format": "Text",
                "log_group": "/aws/lambda/DynamodbTracker",
                "system_log_level": ""
              }
            ],
            "memory_size": 128,
            "package_type": "Zip",
            "publish": false,
            "qualified_arn": "arn:aws:lambda:us-east-1:208383029138:function:DynamodbTracker:$LATEST",
            "qualified_invoke_arn": "arn:aws:apigateway:us-east-1:lambda:path/2015-03-31/functions/arn:aws:lambda:us-east-1:208383029138:function:DynamodbTracker:$LATEST/invocations",
            "replace_security_groups_on_destroy": null,
            "replacement_security_group_ids": null,
            "reserved_concurrent_executions": -1,
            "role": "arn:aws:iam::208383029138:role/lambda-lambdaRole-waf",
            "runtime": "python3.12",
            "s3_bucket": null,
            "s3_key": null,
            "s3_object_version": null,
            "signing_job_arn": "",
            "signing_profile_version_arn": "",
            "skip_destroy": false,
            "snap_start": [],
            "source_code_hash": "4n+lfPIie61dpkB619KZM+pZR4FaWG60s820me8cG6Q=",
            "source_code_size": 1696,
            "tags": {},
            "tags_all": {},
            "timeout": 10,
            "timeouts": null,
            "tracing_config": [
              {
                "mode": "PassThrough"
              }
            ],
            "version": "$LATEST",
            "vpc_config": []
          },
          "sensitive_attributes": [],
          "private": "eyJlMmJmYjczMC1lY2FhLTExZTYtOGY4OC0zNDM2M2JjN2M0YzAiOnsiY3JlYXRlIjo2MDAwMDAwMDAwMDAsImRlbGV0ZSI6NjAwMDAwMDAwMDAwLCJ1cGRhdGUiOjYwMDAwMDAwMDAwMH19",
          "dependencies": [
            "module.archiveFile.data.archive_file.python_lambda_package",
            "module.iamRole.aws_iam_role.lambdaRole",
            "module.iamRole.data.aws_iam_policy_document.lambdaAssumRolePolicy"
          ]
        }
      ]
    },
    {
      "module": "module.lambda",
      "mode": "managed",
      "type": "aws_lambda_function",
      "name": "test_lambda_function",
      "provider": "provider[\"registry.terraform.io/hashicorp/aws\"]",
      "instances": [
        {
          "schema_version": 0,
          "attributes": {
            "architectures": [
              "x86_64"
            ],
            "arn": "arn:aws:lambda:us-east-1:208383029138:function:lambdaTest",
            "code_signing_config_arn": "",
            "dead_letter_config": [],
            "description": "",
            "environment": [
              {
                "variables": {
                  "DynamodbTrackerARN": "arn:aws:lambda:us-east-1:208383029138:function:DynamodbTracker"
                }
              }
            ],
            "ephemeral_storage": [
              {
                "size": 512
              }
            ],
            "file_system_config": [],
            "filename": "nametest.zip",
            "function_name": "lambdaTest",
            "handler": "lambdaFunction.lambda_handler",
            "id": "lambdaTest",
            "image_config": [],
            "image_uri": "",
            "invoke_arn": "arn:aws:apigateway:us-east-1:lambda:path/2015-03-31/functions/arn:aws:lambda:us-east-1:208383029138:function:lambdaTest/invocations",
            "kms_key_arn": "",
            "last_modified": "2024-07-22T15:17:34.000+0000",
            "layers": [],
            "logging_config": [
              {
                "application_log_level": "",
                "log_format": "Text",
                "log_group": "/aws/lambda/lambdaTest",
                "system_log_level": ""
              }
            ],
            "memory_size": 128,
            "package_type": "Zip",
            "publish": false,
            "qualified_arn": "arn:aws:lambda:us-east-1:208383029138:function:lambdaTest:$LATEST",
            "qualified_invoke_arn": "arn:aws:apigateway:us-east-1:lambda:path/2015-03-31/functions/arn:aws:lambda:us-east-1:208383029138:function:lambdaTest:$LATEST/invocations",
            "replace_security_groups_on_destroy": null,
            "replacement_security_group_ids": null,
            "reserved_concurrent_executions": -1,
            "role": "arn:aws:iam::208383029138:role/lambda-lambdaRole-waf",
            "runtime": "python3.12",
            "s3_bucket": null,
            "s3_key": null,
            "s3_object_version": null,
            "signing_job_arn": "",
            "signing_profile_version_arn": "",
            "skip_destroy": false,
            "snap_start": [],
            "source_code_hash": "4n+lfPIie61dpkB619KZM+pZR4FaWG60s820me8cG6Q=",
            "source_code_size": 1696,
            "tags": {},
            "tags_all": {},
            "timeout": 10,
            "timeouts": null,
            "tracing_config": [
              {
                "mode": "PassThrough"
              }
            ],
            "version": "$LATEST",
            "vpc_config": []
          },
          "sensitive_attributes": [],
          "private": "eyJlMmJmYjczMC1lY2FhLTExZTYtOGY4OC0zNDM2M2JjN2M0YzAiOnsiY3JlYXRlIjo2MDAwMDAwMDAwMDAsImRlbGV0ZSI6NjAwMDAwMDAwMDAwLCJ1cGRhdGUiOjYwMDAwMDAwMDAwMH19",
          "dependencies": [
            "module.archiveFile.data.archive_file.python_lambda_package",
            "module.iamRole.aws_iam_role.lambdaRole",
            "module.iamRole.data.aws_iam_policy_document.lambdaAssumRolePolicy",
            "module.lambda.aws_lambda_function.DynamodbTracker"
          ]
        }
      ]
    }
  ],
  "check_results": null
}
